
Microsoft Visual Studio Solution File, Format Version 12.00
# Visual Studio Version 16
VisualStudioVersion = 16.0.30114.105
MinimumVisualStudioVersion = 10.0.40219.1
Project("{FAE04EC0-301F-11D3-BF4B-00C04F79EFBC}") = "DDDNetCore", "Projeto\DDDNetCore.csproj", "{5307B75E-0BB3-4469-9E82-EF5C74FDC37E}"
EndProject
Project("{FAE04EC0-301F-11D3-BF4B-00C04F79EFBC}") = "DDDNetCore.Tests", "DDDNetCore.Tests\DDDNetCore.Tests.csproj", "{EC3E38B3-14CF-42AF-8428-0DDBCE0EDA05}"
EndProject
Global
	GlobalSection(SolutionConfigurationPlatforms) = preSolution
		Debug|Any CPU = Debug|Any CPU
		Debug|x64 = Debug|x64
		Debug|x86 = Debug|x86
		Release|Any CPU = Release|Any CPU
		Release|x64 = Release|x64
		Release|x86 = Release|x86
	EndGlobalSection
	GlobalSection(SolutionProperties) = preSolution
		HideSolutionNode = FALSE
	EndGlobalSection
	GlobalSection(ProjectConfigurationPlatforms) = postSolution
		{5307B75E-0BB3-4469-9E82-EF5C74FDC37E}.Debug|Any CPU.ActiveCfg = Debug|Any CPU
		{5307B75E-0BB3-4469-9E82-EF5C74FDC37E}.Debug|Any CPU.Build.0 = Debug|Any CPU
		{5307B75E-0BB3-4469-9E82-EF5C74FDC37E}.Debug|x64.ActiveCfg = Debug|Any CPU
		{5307B75E-0BB3-4469-9E82-EF5C74FDC37E}.Debug|x64.Build.0 = Debug|Any CPU
		{5307B75E-0BB3-4469-9E82-EF5C74FDC37E}.Debug|x86.ActiveCfg = Debug|Any CPU
		{5307B75E-0BB3-4469-9E82-EF5C74FDC37E}.Debug|x86.Build.0 = Debug|Any CPU
		{5307B75E-0BB3-4469-9E82-EF5C74FDC37E}.Release|Any CPU.ActiveCfg = Release|Any CPU
		{5307B75E-0BB3-4469-9E82-EF5C74FDC37E}.Release|Any CPU.Build.0 = Release|Any CPU
		{5307B75E-0BB3-4469-9E82-EF5C74FDC37E}.Release|x64.ActiveCfg = Release|Any CPU
		{5307B75E-0BB3-4469-9E82-EF5C74FDC37E}.Release|x64.Build.0 = Release|Any CPU
		{5307B75E-0BB3-4469-9E82-EF5C74FDC37E}.Release|x86.ActiveCfg = Release|Any CPU
		{5307B75E-0BB3-4469-9E82-EF5C74FDC37E}.Release|x86.Build.0 = Release|Any CPU
		{EC3E38B3-14CF-42AF-8428-0DDBCE0EDA05}.Debug|Any CPU.ActiveCfg = Debug|Any CPU
		{EC3E38B3-14CF-42AF-8428-0DDBCE0EDA05}.Debug|Any CPU.Build.0 = Debug|Any CPU
		{EC3E38B3-14CF-42AF-8428-0DDBCE0EDA05}.Debug|x64.ActiveCfg = Debug|Any CPU
		{EC3E38B3-14CF-42AF-8428-0DDBCE0EDA05}.Debug|x64.Build.0 = Debug|Any CPU
		{EC3E38B3-14CF-42AF-8428-0DDBCE0EDA05}.Debug|x86.ActiveCfg = Debug|Any CPU
		{EC3E38B3-14CF-42AF-8428-0DDBCE0EDA05}.Debug|x86.Build.0 = Debug|Any CPU
		{EC3E38B3-14CF-42AF-8428-0DDBCE0EDA05}.Release|Any CPU.ActiveCfg = Release|Any CPU
		{EC3E38B3-14CF-42AF-8428-0DDBCE0EDA05}.Release|Any CPU.Build.0 = Release|Any CPU
		{EC3E38B3-14CF-42AF-8428-0DDBCE0EDA05}.Release|x64.ActiveCfg = Release|Any CPU
		{EC3E38B3-14CF-42AF-8428-0DDBCE0EDA05}.Release|x64.Build.0 = Release|Any CPU
		{EC3E38B3-14CF-42AF-8428-0DDBCE0EDA05}.Release|x86.ActiveCfg = Release|Any CPU
		{EC3E38B3-14CF-42AF-8428-0DDBCE0EDA05}.Release|x86.Build.0 = Release|Any CPU
	EndGlobalSection
EndGlobal
